
Microsoft Visual Studio Solution File, Format Version 12.00
Project("{FAE04EC0-301F-11D3-BF4B-00C04F79EFBC}") = "Forte.EpiServer.AzureSearch", "Forte.EpiServer.AzureSearch\Forte.EpiServer.AzureSearch.csproj", "{819CFEFE-8EEF-4D27-AFAA-C8FDA760401F}"
EndProject
Project("{FAE04EC0-301F-11D3-BF4B-00C04F79EFBC}") = "Forte.EpiServer.AzureSearch.Tests", "Forte.EpiServer.AzureSearch.Tests\Forte.EpiServer.AzureSearch.Tests.csproj", "{018C3EA0-DFB4-422C-9FBD-7166657678B0}"
EndProject
Global
	GlobalSection(SolutionConfigurationPlatforms) = preSolution
		Debug|Any CPU = Debug|Any CPU
		Release|Any CPU = Release|Any CPU
	EndGlobalSection
	GlobalSection(ProjectConfigurationPlatforms) = postSolution
		{819CFEFE-8EEF-4D27-AFAA-C8FDA760401F}.Debug|Any CPU.ActiveCfg = Debug|Any CPU
		{819CFEFE-8EEF-4D27-AFAA-C8FDA760401F}.Debug|Any CPU.Build.0 = Debug|Any CPU
		{819CFEFE-8EEF-4D27-AFAA-C8FDA760401F}.Release|Any CPU.ActiveCfg = Release|Any CPU
		{819CFEFE-8EEF-4D27-AFAA-C8FDA760401F}.Release|Any CPU.Build.0 = Release|Any CPU
		{018C3EA0-DFB4-422C-9FBD-7166657678B0}.Debug|Any CPU.ActiveCfg = Debug|Any CPU
		{018C3EA0-DFB4-422C-9FBD-7166657678B0}.Debug|Any CPU.Build.0 = Debug|Any CPU
		{018C3EA0-DFB4-422C-9FBD-7166657678B0}.Release|Any CPU.ActiveCfg = Release|Any CPU
		{018C3EA0-DFB4-422C-9FBD-7166657678B0}.Release|Any CPU.Build.0 = Release|Any CPU
	EndGlobalSection
EndGlobal
